
Microsoft Visual Studio Solution File, Format Version 12.00
# Visual Studio 15
VisualStudioVersion = 15.0.26430.16
MinimumVisualStudioVersion = 10.0.40219.1
Project("{2150E333-8FDC-42A3-9474-1A3956D46DE8}") = "IndependentUtils", "IndependentUtils", "{046A0810-D924-4F63-9335-00D55501D126}"
EndProject
Project("{FAE04EC0-301F-11D3-BF4B-00C04F79EFBC}") = "IndependentUtils.Reflection", "IndependentUtils.Reflection\IndependentUtils.Reflection.csproj", "{AE11A235-DE30-436F-85F2-B45759E32A5B}"
EndProject
Project("{FAE04EC0-301F-11D3-BF4B-00C04F79EFBC}") = "IndependentUtils.Configuration", "IndependentUtils.Configuration\IndependentUtils.Configuration.csproj", "{B3BDCBCD-A1D7-47A9-B991-1E2B0B8E0321}"
EndProject
Project("{FAE04EC0-301F-11D3-BF4B-00C04F79EFBC}") = "IndependentUtils.Tools", "IndependentUtils.Tools\IndependentUtils.Tools.csproj", "{22CF7B28-1BB9-4A8A-9992-3483BB8D9035}"
EndProject
Project("{FAE04EC0-301F-11D3-BF4B-00C04F79EFBC}") = "IndependentUtils.Configuration.IntegrationTests", "IndependentUtils.Configuration.IntegrationTests\IndependentUtils.Configuration.IntegrationTests.csproj", "{A1286F99-721C-4B82-808C-C49014105D67}"
EndProject
Project("{FAE04EC0-301F-11D3-BF4B-00C04F79EFBC}") = "IndependentUtils.Configuration.UnitTests", "IndependentUtils.Configuration.UnitTests\IndependentUtils.Configuration.UnitTests.csproj", "{176B6944-38DF-4813-B4F7-D56D4EEFF2B8}"
EndProject
Project("{FAE04EC0-301F-11D3-BF4B-00C04F79EFBC}") = "IndependentUtils.Testing", "IndependentUtils.Testing\IndependentUtils.Testing.csproj", "{404DC152-CFE9-42FD-BDA8-C60F4034C23F}"
EndProject
Project("{FAE04EC0-301F-11D3-BF4B-00C04F79EFBC}") = "IndependentUtils.Tools.UnitTests", "IndependentUtils.Tools.UnitTests\IndependentUtils.Tools.UnitTests.csproj", "{8A74DD8C-E114-4ADC-A70D-C31672123BEE}"
EndProject
Project("{2150E333-8FDC-42A3-9474-1A3956D46DE8}") = "Solution Items", "Solution Items", "{7E2F53F7-71EB-4756-8CE6-0D27101CE963}"
	ProjectSection(SolutionItems) = preProject
		appveyor.yml = appveyor.yml
	EndProjectSection
EndProject
Global
	GlobalSection(SolutionConfigurationPlatforms) = preSolution
		Debug|Any CPU = Debug|Any CPU
		Release|Any CPU = Release|Any CPU
	EndGlobalSection
	GlobalSection(ProjectConfigurationPlatforms) = postSolution
		{AE11A235-DE30-436F-85F2-B45759E32A5B}.Debug|Any CPU.ActiveCfg = Debug|Any CPU
		{AE11A235-DE30-436F-85F2-B45759E32A5B}.Debug|Any CPU.Build.0 = Debug|Any CPU
		{AE11A235-DE30-436F-85F2-B45759E32A5B}.Release|Any CPU.ActiveCfg = Release|Any CPU
		{AE11A235-DE30-436F-85F2-B45759E32A5B}.Release|Any CPU.Build.0 = Release|Any CPU
		{B3BDCBCD-A1D7-47A9-B991-1E2B0B8E0321}.Debug|Any CPU.ActiveCfg = Debug|Any CPU
		{B3BDCBCD-A1D7-47A9-B991-1E2B0B8E0321}.Debug|Any CPU.Build.0 = Debug|Any CPU
		{B3BDCBCD-A1D7-47A9-B991-1E2B0B8E0321}.Release|Any CPU.ActiveCfg = Release|Any CPU
		{B3BDCBCD-A1D7-47A9-B991-1E2B0B8E0321}.Release|Any CPU.Build.0 = Release|Any CPU
		{22CF7B28-1BB9-4A8A-9992-3483BB8D9035}.Debug|Any CPU.ActiveCfg = Debug|Any CPU
		{22CF7B28-1BB9-4A8A-9992-3483BB8D9035}.Debug|Any CPU.Build.0 = Debug|Any CPU
		{22CF7B28-1BB9-4A8A-9992-3483BB8D9035}.Release|Any CPU.ActiveCfg = Release|Any CPU
		{22CF7B28-1BB9-4A8A-9992-3483BB8D9035}.Release|Any CPU.Build.0 = Release|Any CPU
		{A1286F99-721C-4B82-808C-C49014105D67}.Debug|Any CPU.ActiveCfg = Debug|Any CPU
		{A1286F99-721C-4B82-808C-C49014105D67}.Debug|Any CPU.Build.0 = Debug|Any CPU
		{A1286F99-721C-4B82-808C-C49014105D67}.Release|Any CPU.ActiveCfg = Release|Any CPU
		{A1286F99-721C-4B82-808C-C49014105D67}.Release|Any CPU.Build.0 = Release|Any CPU
		{176B6944-38DF-4813-B4F7-D56D4EEFF2B8}.Debug|Any CPU.ActiveCfg = Debug|Any CPU
		{176B6944-38DF-4813-B4F7-D56D4EEFF2B8}.Debug|Any CPU.Build.0 = Debug|Any CPU
		{176B6944-38DF-4813-B4F7-D56D4EEFF2B8}.Release|Any CPU.ActiveCfg = Release|Any CPU
		{176B6944-38DF-4813-B4F7-D56D4EEFF2B8}.Release|Any CPU.Build.0 = Release|Any CPU
		{404DC152-CFE9-42FD-BDA8-C60F4034C23F}.Debug|Any CPU.ActiveCfg = Debug|Any CPU
		{404DC152-CFE9-42FD-BDA8-C60F4034C23F}.Debug|Any CPU.Build.0 = Debug|Any CPU
		{404DC152-CFE9-42FD-BDA8-C60F4034C23F}.Release|Any CPU.ActiveCfg = Release|Any CPU
		{404DC152-CFE9-42FD-BDA8-C60F4034C23F}.Release|Any CPU.Build.0 = Release|Any CPU
		{8A74DD8C-E114-4ADC-A70D-C31672123BEE}.Debug|Any CPU.ActiveCfg = Debug|Any CPU
		{8A74DD8C-E114-4ADC-A70D-C31672123BEE}.Debug|Any CPU.Build.0 = Debug|Any CPU
		{8A74DD8C-E114-4ADC-A70D-C31672123BEE}.Release|Any CPU.ActiveCfg = Release|Any CPU
		{8A74DD8C-E114-4ADC-A70D-C31672123BEE}.Release|Any CPU.Build.0 = Release|Any CPU
	EndGlobalSection
	GlobalSection(SolutionProperties) = preSolution
		HideSolutionNode = FALSE
	EndGlobalSection
	GlobalSection(NestedProjects) = preSolution
		{AE11A235-DE30-436F-85F2-B45759E32A5B} = {046A0810-D924-4F63-9335-00D55501D126}
		{B3BDCBCD-A1D7-47A9-B991-1E2B0B8E0321} = {046A0810-D924-4F63-9335-00D55501D126}
		{22CF7B28-1BB9-4A8A-9992-3483BB8D9035} = {046A0810-D924-4F63-9335-00D55501D126}
		{A1286F99-721C-4B82-808C-C49014105D67} = {046A0810-D924-4F63-9335-00D55501D126}
		{176B6944-38DF-4813-B4F7-D56D4EEFF2B8} = {046A0810-D924-4F63-9335-00D55501D126}
		{404DC152-CFE9-42FD-BDA8-C60F4034C23F} = {046A0810-D924-4F63-9335-00D55501D126}
		{8A74DD8C-E114-4ADC-A70D-C31672123BEE} = {046A0810-D924-4F63-9335-00D55501D126}
	EndGlobalSection
EndGlobal
